{
  "pins" : [
    {
      "identity" : "facebook-ios-sdk",
      "kind" : "remoteSourceControl",
      "location" : "https://github.com/facebook/facebook-ios-sdk.git",
      "state" : {
        "revision" : "09eb5b0cb74127a360e0bc74a2d75ec1fd351e48",
        "version" : "17.0.0"
      }
    },
    {
      "identity" : "otpless-event-io-ios",
      "kind" : "remoteSourceControl",
      "location" : "https://github.com/otpless-tech/otpless-event-io-ios.git",
      "state" : {
        "revision" : "73a40cfc05550da4e85373c0ecbe93a2529954a7",
        "version" : "1.0.0"
      }
    }
  ],
  "version" : 2
}
